# This file is automatically @generated by Poetry and should not be changed by hand.

[[package]]
name = "python-vlc"
version = "3.0.18121"
description = "VLC bindings for python."
category = "main"
optional = false
python-versions = "*"
files = [
    {file = "python-vlc-3.0.18121.tar.gz", hash = "sha256:24550314a3e6ed55fd347b009491c98b865f9dfa05a92e889d7b0a2210e7485b"},
    {file = "python_vlc-3.0.18121-py3-none-any.whl", hash = "sha256:b8f4bdea22d363377c51996db94cac38d02df02fee9b79c03f1840ff6d376455"},
]

[[package]]
name = "pytube"
version = "12.1.2"
description = "Python 3 library for downloading YouTube Videos."
category = "main"
optional = false
python-versions = ">=3.6"
files = [
    {file = "pytube-12.1.2-py3-none-any.whl", hash = "sha256:a844800002744f33107f4440543f9a5f1fd9fcd97dad35cf2dd4803212352d9a"},
    {file = "pytube-12.1.2.tar.gz", hash = "sha256:2d34a484f81cae106ea84e8c00871f97dcc293e8ed8c074e65abc4119f02c98f"},
]

[[package]]
name = "youtube-dl"
version = "2021.12.17"
description = "YouTube video downloader"
category = "main"
optional = false
python-versions = "*"
files = [
    {file = "youtube_dl-2021.12.17-py2.py3-none-any.whl", hash = "sha256:f1336d5de68647e0364a47b3c0712578e59ec76f02048ff5c50ef1c69d79cd55"},
    {file = "youtube_dl-2021.12.17.tar.gz", hash = "sha256:bc59e86c5d15d887ac590454511f08ce2c47698d5a82c27bfe27b5d814bbaed2"},
]

[metadata]
lock-version = "2.0"
python-versions = "^3.9"
content-hash = "ba6d9f8db979b115aa87a46001a0fc2a0bcb2a0ec50b8826fdc0837d2ff3c67a"
